
Microsoft Visual Studio Solution File, Format Version 9.00
# Visual C++ Express 2005
Project("{8BC9CEB8-8B4A-11D0-8D11-00A0C91BC942}") = "W@r", "W@r\W@r.vcproj", "{D19EFA37-5CDB-4E04-8993-394BB0D9E9F4}"
EndProject
Global
	GlobalSection(SolutionConfigurationPlatforms) = preSolution
		Debug|Win32 = Debug|Win32
		Release|Win32 = Release|Win32
	EndGlobalSection
	GlobalSection(ProjectConfigurationPlatforms) = postSolution
		{D19EFA37-5CDB-4E04-8993-394BB0D9E9F4}.Debug|Win32.ActiveCfg = Debug|Win32
		{D19EFA37-5CDB-4E04-8993-394BB0D9E9F4}.Debug|Win32.Build.0 = Debug|Win32
		{D19EFA37-5CDB-4E04-8993-394BB0D9E9F4}.Release|Win32.ActiveCfg = Release|Win32
		{D19EFA37-5CDB-4E04-8993-394BB0D9E9F4}.Release|Win32.Build.0 = Release|Win32
	EndGlobalSection
	GlobalSection(SolutionProperties) = preSolution
		HideSolutionNode = FALSE
	EndGlobalSection
EndGlobal
